
Microsoft Visual Studio Solution File, Format Version 12.00
# Visual Studio Version 17
VisualStudioVersion = 17.5.002.0
MinimumVisualStudioVersion = 10.0.40219.1
Project("{9A19103F-16F7-4668-BE54-9A1E7A4F7556}") = "WiredBrainCoffee.DataProcessor", "WiredBrainCoffee.DataProcessor.csproj", "{C49C9EDC-8471-4DFC-992C-E6B63A4A7B95}"
EndProject
Project("{FAE04EC0-301F-11D3-BF4B-00C04F79EFBC}") = "WiredBrainCoffee.DataProcessorTests", "WiredBrainCoffee.DataProcessorTests\WiredBrainCoffee.DataProcessorTests.csproj", "{B23795E2-A8EA-473E-A076-AFF52AD7FAAF}"
EndProject
Global
	GlobalSection(SolutionConfigurationPlatforms) = preSolution
		Debug|Any CPU = Debug|Any CPU
		Release|Any CPU = Release|Any CPU
	EndGlobalSection
	GlobalSection(ProjectConfigurationPlatforms) = postSolution
		{C49C9EDC-8471-4DFC-992C-E6B63A4A7B95}.Debug|Any CPU.ActiveCfg = Debug|Any CPU
		{C49C9EDC-8471-4DFC-992C-E6B63A4A7B95}.Debug|Any CPU.Build.0 = Debug|Any CPU
		{C49C9EDC-8471-4DFC-992C-E6B63A4A7B95}.Release|Any CPU.ActiveCfg = Release|Any CPU
		{C49C9EDC-8471-4DFC-992C-E6B63A4A7B95}.Release|Any CPU.Build.0 = Release|Any CPU
		{B23795E2-A8EA-473E-A076-AFF52AD7FAAF}.Debug|Any CPU.ActiveCfg = Debug|Any CPU
		{B23795E2-A8EA-473E-A076-AFF52AD7FAAF}.Debug|Any CPU.Build.0 = Debug|Any CPU
		{B23795E2-A8EA-473E-A076-AFF52AD7FAAF}.Release|Any CPU.ActiveCfg = Release|Any CPU
		{B23795E2-A8EA-473E-A076-AFF52AD7FAAF}.Release|Any CPU.Build.0 = Release|Any CPU
	EndGlobalSection
	GlobalSection(SolutionProperties) = preSolution
		HideSolutionNode = FALSE
	EndGlobalSection
	GlobalSection(ExtensibilityGlobals) = postSolution
		SolutionGuid = {1744BC06-5CDE-45D7-94B5-98334F8EC4F5}
	EndGlobalSection
EndGlobal
